
Microsoft Visual Studio Solution File, Format Version 12.00
# Visual Studio 15
VisualStudioVersion = 15.0.26730.15
MinimumVisualStudioVersion = 10.0.40219.1
Project("{9A19103F-16F7-4668-BE54-9A1E7A4F7556}") = "Backend", "Backend\Backend.csproj", "{27B0D13F-F2FD-4F7C-8D96-673A6504CBA2}"
EndProject
Project("{FAE04EC0-301F-11D3-BF4B-00C04F79EFBC}") = "Backend.Tests", "Backend.Tests\Backend.Tests.csproj", "{5D0806A2-A221-4482-8CAF-91B3AD61DD24}"
EndProject
Global
	GlobalSection(SolutionConfigurationPlatforms) = preSolution
		Debug|Any CPU = Debug|Any CPU
		Release|Any CPU = Release|Any CPU
	EndGlobalSection
	GlobalSection(ProjectConfigurationPlatforms) = postSolution
		{27B0D13F-F2FD-4F7C-8D96-673A6504CBA2}.Debug|Any CPU.ActiveCfg = Debug|Any CPU
		{27B0D13F-F2FD-4F7C-8D96-673A6504CBA2}.Debug|Any CPU.Build.0 = Debug|Any CPU
		{27B0D13F-F2FD-4F7C-8D96-673A6504CBA2}.Release|Any CPU.ActiveCfg = Release|Any CPU
		{27B0D13F-F2FD-4F7C-8D96-673A6504CBA2}.Release|Any CPU.Build.0 = Release|Any CPU
		{5D0806A2-A221-4482-8CAF-91B3AD61DD24}.Debug|Any CPU.ActiveCfg = Debug|Any CPU
		{5D0806A2-A221-4482-8CAF-91B3AD61DD24}.Debug|Any CPU.Build.0 = Debug|Any CPU
		{5D0806A2-A221-4482-8CAF-91B3AD61DD24}.Release|Any CPU.ActiveCfg = Release|Any CPU
		{5D0806A2-A221-4482-8CAF-91B3AD61DD24}.Release|Any CPU.Build.0 = Release|Any CPU
	EndGlobalSection
	GlobalSection(SolutionProperties) = preSolution
		HideSolutionNode = FALSE
	EndGlobalSection
	GlobalSection(ExtensibilityGlobals) = postSolution
		SolutionGuid = {C0E8CC26-05C1-4599-9BA0-B37E4CE9F802}
	EndGlobalSection
EndGlobal
